
Microsoft Visual Studio Solution File, Format Version 12.00
# Visual Studio Version 16
VisualStudioVersion = 16.0.29920.165
MinimumVisualStudioVersion = 10.0.40219.1
Project("{FAE04EC0-301F-11D3-BF4B-00C04F79EFBC}") = "Foodstock.Api", "Foodstock.Api\Foodstock.Api.csproj", "{4362DE0E-1283-4CF0-BA53-EFCB90F38DF5}"
EndProject
Project("{00D1A9C2-B5F0-4AF3-8072-F6C62B433612}") = "Foodstock.Database", "Foodstock.Database\Foodstock.Database.sqlproj", "{D36167B9-F528-472F-A31D-A56904503A25}"
EndProject
Project("{FAE04EC0-301F-11D3-BF4B-00C04F79EFBC}") = "Foodstock.Service", "Foodstock.Service\Foodstock.Service.csproj", "{0D05C9CA-2AFD-4A7A-AD59-DE60A330AB9E}"
EndProject
Global
	GlobalSection(SolutionConfigurationPlatforms) = preSolution
		Debug|Any CPU = Debug|Any CPU
		Release|Any CPU = Release|Any CPU
	EndGlobalSection
	GlobalSection(ProjectConfigurationPlatforms) = postSolution
		{4362DE0E-1283-4CF0-BA53-EFCB90F38DF5}.Debug|Any CPU.ActiveCfg = Debug|Any CPU
		{4362DE0E-1283-4CF0-BA53-EFCB90F38DF5}.Debug|Any CPU.Build.0 = Debug|Any CPU
		{4362DE0E-1283-4CF0-BA53-EFCB90F38DF5}.Release|Any CPU.ActiveCfg = Release|Any CPU
		{4362DE0E-1283-4CF0-BA53-EFCB90F38DF5}.Release|Any CPU.Build.0 = Release|Any CPU
		{D36167B9-F528-472F-A31D-A56904503A25}.Debug|Any CPU.ActiveCfg = Debug|Any CPU
		{D36167B9-F528-472F-A31D-A56904503A25}.Debug|Any CPU.Build.0 = Debug|Any CPU
		{D36167B9-F528-472F-A31D-A56904503A25}.Debug|Any CPU.Deploy.0 = Debug|Any CPU
		{D36167B9-F528-472F-A31D-A56904503A25}.Release|Any CPU.ActiveCfg = Release|Any CPU
		{D36167B9-F528-472F-A31D-A56904503A25}.Release|Any CPU.Build.0 = Release|Any CPU
		{D36167B9-F528-472F-A31D-A56904503A25}.Release|Any CPU.Deploy.0 = Release|Any CPU
		{0D05C9CA-2AFD-4A7A-AD59-DE60A330AB9E}.Debug|Any CPU.ActiveCfg = Debug|Any CPU
		{0D05C9CA-2AFD-4A7A-AD59-DE60A330AB9E}.Debug|Any CPU.Build.0 = Debug|Any CPU
		{0D05C9CA-2AFD-4A7A-AD59-DE60A330AB9E}.Release|Any CPU.ActiveCfg = Release|Any CPU
		{0D05C9CA-2AFD-4A7A-AD59-DE60A330AB9E}.Release|Any CPU.Build.0 = Release|Any CPU
	EndGlobalSection
	GlobalSection(SolutionProperties) = preSolution
		HideSolutionNode = FALSE
	EndGlobalSection
	GlobalSection(ExtensibilityGlobals) = postSolution
		SolutionGuid = {F4A6A5E7-C0AF-492C-A51A-F65823B96B23}
	EndGlobalSection
EndGlobal
